
Microsoft Visual Studio Solution File, Format Version 12.00
# Visual Studio Version 16
VisualStudioVersion = 16.0.30413.136
MinimumVisualStudioVersion = 10.0.40219.1
Project("{FAE04EC0-301F-11D3-BF4B-00C04F79EFBC}") = "Playentry", "Playentry.csproj", "{90E7E4E4-57CD-4ED7-A090-0C89428D96A3}"
EndProject
Global
	GlobalSection(SolutionConfigurationPlatforms) = preSolution
		Debug|Any CPU = Debug|Any CPU
		Release|Any CPU = Release|Any CPU
	EndGlobalSection
	GlobalSection(ProjectConfigurationPlatforms) = postSolution
		{90E7E4E4-57CD-4ED7-A090-0C89428D96A3}.Debug|Any CPU.ActiveCfg = Debug|Any CPU
		{90E7E4E4-57CD-4ED7-A090-0C89428D96A3}.Debug|Any CPU.Build.0 = Debug|Any CPU
		{90E7E4E4-57CD-4ED7-A090-0C89428D96A3}.Release|Any CPU.ActiveCfg = Release|Any CPU
		{90E7E4E4-57CD-4ED7-A090-0C89428D96A3}.Release|Any CPU.Build.0 = Release|Any CPU
	EndGlobalSection
	GlobalSection(SolutionProperties) = preSolution
		HideSolutionNode = FALSE
	EndGlobalSection
	GlobalSection(ExtensibilityGlobals) = postSolution
		SolutionGuid = {48FE3BCD-057F-490B-9615-66920D63EC21}
	EndGlobalSection
EndGlobal
